// !$*UTF8*$!
{
	archiveVersion = 1;
	classes = {
	};
	objectVersion = 46;
	objects = {

/* Begin PBXBuildFile section */
		88A66FD11D96726100A6D584 /* AppDelegate.swift in Sources */ = {isa = PBXBuildFile; fileRef = 88A66FD01D96726100A6D584 /* AppDelegate.swift */; };
		88A66FD31D96726100A6D584 /* ViewController.swift in Sources */ = {isa = PBXBuildFile; fileRef = 88A66FD21D96726100A6D584 /* ViewController.swift */; };
		88A66FD61D96726100A6D584 /* Main.storyboard in Resources */ = {isa = PBXBuildFile; fileRef = 88A66FD41D96726100A6D584 /* Main.storyboard */; };
		88A66FD81D96726200A6D584 /* Assets.xcassets in Resources */ = {isa = PBXBuildFile; fileRef = 88A66FD71D96726200A6D584 /* Assets.xcassets */; };
		88A66FDB1D96726200A6D584 /* LaunchScreen.storyboard in Resources */ = {isa = PBXBuildFile; fileRef = 88A66FD91D96726200A6D584 /* LaunchScreen.storyboard */; };
/* End PBXBuildFile section */

/* Begin PBXFileReference section */
		88A66FCD1D96726100A6D584 /* BinaryBlitzTest.app */ = {isa = PBXFileReference; explicitFileType = wrapper.application; includeInIndex = 0; path = BinaryBlitzTest.app; sourceTree = BUILT_PRODUCTS_DIR; };
		88A66FD01D96726100A6D584 /* AppDelegate.swift */ = {isa = PBXFileReference; lastKnownFileType = sourcecode.swift; path = AppDelegate.swift; sourceTree = "<group>"; };
		88A66FD21D96726100A6D584 /* ViewController.swift */ = {isa = PBXFileReference; lastKnownFileType = sourcecode.swift; path = ViewController.swift; sourceTree = "<group>"; };
		88A66FD51D96726100A6D584 /* Base */ = {isa = PBXFileReference; lastKnownFileType = file.storyboard; name = Base; path = Base.lproj/Main.storyboard; sourceTree = "<group>"; };
		88A66FD71D96726200A6D584 /* Assets.xcassets */ = {isa = PBXFileReference; lastKnownFileType = folder.assetcatalog; path = Assets.xcassets; sourceTree = "<group>"; };
		88A66FDA1D96726200A6D584 /* Base */ = {isa = PBXFileReference; lastKnownFileType = file.storyboard; name = Base; path = Base.lproj/LaunchScreen.storyboard; sourceTree = "<group>"; };
		88A66FDC1D96726200A6D584 /* Info.plist */ = {isa = PBXFileReference; lastKnownFileType = text.plist.xml; path = Info.plist; sourceTree = "<group>"; };
/* End PBXFileReference section */

/* Begin PBXFrameworksBuildPhase section */
		88A66FCA1D96726100A6D584 /* Frameworks */ = {
			isa = PBXFrameworksBuildPhase;
			buildActionMask = 2147483647;
			files = (
			);
			runOnlyForDeploymentPostprocessing = 0;
		};
/* End PBXFrameworksBuildPhase section */

/* Begin PBXGroup section */
		88A66FC41D96726100A6D584 = {
			isa = PBXGroup;
			children = (
				88A66FCF1D96726100A6D584 /* BinaryBlitzTest */,
				88A66FCE1D96726100A6D584 /* Products */,
			);
			sourceTree = "<group>";
		};
		88A66FCE1D96726100A6D584 /* Products */ = {
			isa = PBXGroup;
			children = (
				88A66FCD1D96726100A6D584 /* BinaryBlitzTest.app */,
			);
			name = Products;
			sourceTree = "<group>";
		};
		88A66FCF1D96726100A6D584 /* BinaryBlitzTest */ = {
			isa = PBXGroup;
			children = (
				88A66FD01D96726100A6D584 /* AppDelegate.swift */,
				88A66FD21D96726100A6D584 /* ViewController.swift */,
				88A66FD41D96726100A6D584 /* Main.storyboard */,
				88A66FD71D96726200A6D584 /* Assets.xcassets */,
				88A66FD91D96726200A6D584 /* LaunchScreen.storyboard */,
				88A66FDC1D96726200A6D584 /* Info.plist */,
			);
			path = BinaryBlitzTest;
			sourceTree = "<group>";
		};
/* End PBXGroup section */

/* Begin PBXNativeTarget section */
		88A66FCC1D96726100A6D584 /* BinaryBlitzTest */ = {
			isa = PBXNativeTarget;
			buildConfigurationList = 88A66FDF1D96726200A6D584 /* Build configuration list for PBXNativeTarget "BinaryBlitzTest" */;
			buildPhases = (
				88A66FC91D96726100A6D584 /* Sources */,
				88A66FCA1D96726100A6D584 /* Frameworks */,
				88A66FCB1D96726100A6D584 /* Resources */,
			);
			buildRules = (
			);
			dependencies = (
			);
			name = BinaryBlitzTest;
			productName = BinaryBlitzTest;
			productReference = 88A66FCD1D96726100A6D584 /* BinaryBlitzTest.app */;
			productType = "com.apple.product-type.application";
		};
/* End PBXNativeTarget section */

/* Begin PBXProject section */
		88A66FC51D96726100A6D584 /* Project object */ = {
			isa = PBXProject;
			attributes = {
				LastSwiftUpdateCheck = 0800;
				LastUpgradeCheck = 0800;
				TargetAttributes = {
					88A66FCC1D96726100A6D584 = {
						CreatedOnToolsVersion = 8.0;
						ProvisioningStyle = Automatic;
					};
				};
			};
			buildConfigurationList = 88A66FC81D96726100A6D584 /* Build configuration list for PBXProject "BinaryBlitzTest" */;
			compatibilityVersion = "Xcode 3.2";
			developmentRegion = English;
			hasScannedForEncodings = 0;
			knownRegions = (
				en,
				Base,
			);
			mainGroup = 88A66FC41D96726100A6D584;
			productRefGroup = 88A66FCE1D96726100A6D584 /* Products */;
			projectDirPath = "";
			projectRoot = "";
			targets = (
				88A66FCC1D96726100A6D584 /* BinaryBlitzTest */,
			);
		};
/* End PBXProject section */

/* Begin PBXResourcesBuildPhase section */
		88A66FCB1D96726100A6D584 /* Resources */ = {
			isa = PBXResourcesBuildPhase;
			buildActionMask = 2147483647;
			files = (
				88A66FDB1D96726200A6D584 /* LaunchScreen.storyboard in Resources */,
				88A66FD81D96726200A6D584 /* Assets.xcassets in Resources */,
				88A66FD61D96726100A6D584 /* Main.storyboard in Resources */,
			);
			runOnlyForDeploymentPostprocessing = 0;
		};
/* End PBXResourcesBuildPhase section */

/* Begin PBXSourcesBuildPhase section */
		88A66FC91D96726100A6D584 /* Sources */ = {
			isa = PBXSourcesBuildPhase;
			buildActionMask = 2147483647;
			files = (
				88A66FD31D96726100A6D584 /* ViewController.swift in Sources */,
				88A66FD11D96726100A6D584 /* AppDelegate.swift in Sources */,
			);
			runOnlyForDeploymentPostprocessing = 0;
		};
/* End PBXSourcesBuildPhase section */

/* Begin PBXVariantGroup section */
		88A66FD41D96726100A6D584 /* Main.storyboard */ = {
			isa = PBXVariantGroup;
			children = (
				88A66FD51D96726100A6D584 /* Base */,
			);
			name = Main.storyboard;
			sourceTree = "<group>";
		};
		88A66FD91D96726200A6D584 /* LaunchScreen.storyboard */ = {
			isa = PBXVariantGroup;
			children = (
				88A66FDA1D96726200A6D584 /* Base */,
			);
			name = LaunchScreen.storyboard;
			sourceTree = "<group>";
		};
/* End PBXVariantGroup section */

/* Begin XCBuildConfiguration section */
		88A66FDD1D96726200A6D584 /* Debug */ = {
			isa = XCBuildConfiguration;
			buildSettings = {
				ALWAYS_SEARCH_USER_PATHS = NO;
				CLANG_ANALYZER_NONNULL = YES;
				CLANG_CXX_LANGUAGE_STANDARD = "gnu++0x";
				CLANG_CXX_LIBRARY = "libc++";
				CLANG_ENABLE_MODULES = YES;
				CLANG_ENABLE_OBJC_ARC = YES;
				CLANG_WARN_BOOL_CONVERSION = YES;
				CLANG_WARN_CONSTANT_CONVERSION = YES;
				CLANG_WARN_DIRECT_OBJC_ISA_USAGE = YES_ERROR;
				CLANG_WARN_DOCUMENTATION_COMMENTS = YES;
				CLANG_WARN_EMPTY_BODY = YES;
				CLANG_WARN_ENUM_CONVERSION = YES;
				CLANG_WARN_INFINITE_RECURSION = YES;
				CLANG_WARN_INT_CONVERSION = YES;
				CLANG_WARN_OBJC_ROOT_CLASS = YES_ERROR;
				CLANG_WARN_SUSPICIOUS_MOVES = YES;
				CLANG_WARN_UNREACHABLE_CODE = YES;
				CLANG_WARN__DUPLICATE_METHOD_MATCH = YES;
				"CODE_SIGN_IDENTITY[sdk=iphoneos*]" = "iPhone Developer";
				COPY_PHASE_STRIP = NO;
				DEBUG_INFORMATION_FORMAT = dwarf;
				ENABLE_STRICT_OBJC_MSGSEND = YES;
				ENABLE_TESTABILITY = YES;
				GCC_C_LANGUAGE_STANDARD = gnu99;
				GCC_DYNAMIC_NO_PIC = NO;
				GCC_NO_COMMON_BLOCKS = YES;
				GCC_OPTIMIZATION_LEVEL = 0;
				GCC_PREPROCESSOR_DEFINITIONS = (
					"DEBUG=1",
					"$(inherited)",
				);
				GCC_WARN_64_TO_32_BIT_CONVERSION = YES;
				GCC_WARN_ABOUT_RETURN_TYPE = YES_ERROR;
				GCC_WARN_UNDECLARED_SELECTOR = YES;
				GCC_WARN_UNINITIALIZED_AUTOS = YES_AGGRESSIVE;
				GCC_WARN_UNUSED_FUNCTION = YES;
				GCC_WARN_UNUSED_VARIABLE = YES;
				IPHONEOS_DEPLOYMENT_TARGET = 10.0;
				MTL_ENABLE_DEBUG_INFO = YES;
				ONLY_ACTIVE_ARCH = YES;
				SDKROOT = iphoneos;
				SWIFT_ACTIVE_COMPILATION_CONDITIONS = DEBUG;
				SWIFT_OPTIMIZATION_LEVEL = "-Onone";
			};
			name = Debug;
		};
		88A66FDE1D96726200A6D584 /* Release */ = {
			isa = XCBuildConfiguration;
			buildSettings = {
				ALWAYS_SEARCH_USER_PATHS = NO;
				CLANG_ANALYZER_NONNULL = YES;
				CLANG_CXX_LANGUAGE_STANDARD = "gnu++0x";
				CLANG_CXX_LIBRARY = "libc++";
				CLANG_ENABLE_MODULES = YES;
				CLANG_ENABLE_OBJC_ARC = YES;
				CLANG_WARN_BOOL_CONVERSION = YES;
				CLANG_WARN_CONSTANT_CONVERSION = YES;
				CLANG_WARN_DIRECT_OBJC_ISA_USAGE = YES_ERROR;
				CLANG_WARN_DOCUMENTATION_COMMENTS = YES;
				CLANG_WARN_EMPTY_BODY = YES;
				CLANG_WARN_ENUM_CONVERSION = YES;
				CLANG_WARN_INFINITE_RECURSION = YES;
				CLANG_WARN_INT_CONVERSION = YES;
				CLANG_WARN_OBJC_ROOT_CLASS = YES_ERROR;
				CLANG_WARN_SUSPICIOUS_MOVES = YES;
				CLANG_WARN_UNREACHABLE_CODE = YES;
				CLANG_WARN__DUPLICATE_METHOD_MATCH = YES;
				"CODE_SIGN_IDENTITY[sdk=iphoneos*]" = "iPhone Developer";
				COPY_PHASE_STRIP = NO;
				DEBUG_INFORMATION_FORMAT = "dwarf-with-dsym";
				ENABLE_NS_ASSERTIONS = NO;
				ENABLE_STRICT_OBJC_MSGSEND = YES;
				GCC_C_LANGUAGE_STANDARD = gnu99;
				GCC_NO_COMMON_BLOCKS = YES;
				GCC_WARN_64_TO_32_BIT_CONVERSION = YES;
				GCC_WARN_ABOUT_RETURN_TYPE = YES_ERROR;
				GCC_WARN_UNDECLARED_SELECTOR = YES;
				GCC_WARN_UNINITIALIZED_AUTOS = YES_AGGRESSIVE;
				GCC_WARN_UNUSED_FUNCTION = YES;
				GCC_WARN_UNUSED_VARIABLE = YES;
				IPHONEOS_DEPLOYMENT_TARGET = 10.0;
				MTL_ENABLE_DEBUG_INFO = NO;
				SDKROOT = iphoneos;
				SWIFT_OPTIMIZATION_LEVEL = "-Owholemodule";
				VALIDATE_PRODUCT = YES;
			};
			name = Release;
		};
		88A66FE01D96726200A6D584 /* Debug */ = {
			isa = XCBuildConfiguration;
			buildSettings = {
				ASSETCATALOG_COMPILER_APPICON_NAME = AppIcon;
				INFOPLIST_FILE = BinaryBlitzTest/Info.plist;
				LD_RUNPATH_SEARCH_PATHS = "$(inherited) @executable_path/Frameworks";
				PRODUCT_BUNDLE_IDENTIFIER = tetofa.BinaryBlitzTest;
				PRODUCT_NAME = "$(TARGET_NAME)";
				SWIFT_VERSION = 3.0;
			};
			name = Debug;
		};
		88A66FE11D96726200A6D584 /* Release */ = {
			isa = XCBuildConfiguration;
			buildSettings = {
				ASSETCATALOG_COMPILER_APPICON_NAME = AppIcon;
				INFOPLIST_FILE = BinaryBlitzTest/Info.plist;
				LD_RUNPATH_SEARCH_PATHS = "$(inherited) @executable_path/Frameworks";
				PRODUCT_BUNDLE_IDENTIFIER = tetofa.BinaryBlitzTest;
				PRODUCT_NAME = "$(TARGET_NAME)";
				SWIFT_VERSION = 3.0;
			};
			name = Release;
		};
/* End XCBuildConfiguration section */

/* Begin XCConfigurationList section */
		88A66FC81D96726100A6D584 /* Build configuration list for PBXProject "BinaryBlitzTest" */ = {
			isa = XCConfigurationList;
			buildConfigurations = (
				88A66FDD1D96726200A6D584 /* Debug */,
				88A66FDE1D96726200A6D584 /* Release */,
			);
			defaultConfigurationIsVisible = 0;
			defaultConfigurationName = Release;
		};
		88A66FDF1D96726200A6D584 /* Build configuration list for PBXNativeTarget "BinaryBlitzTest" */ = {
			isa = XCConfigurationList;
			buildConfigurations = (
				88A66FE01D96726200A6D584 /* Debug */,
				88A66FE11D96726200A6D584 /* Release */,
			);
			defaultConfigurationIsVisible = 0;
		};
/* End XCConfigurationList section */
	};
	rootObject = 88A66FC51D96726100A6D584 /* Project object */;
}
